
Microsoft Visual Studio Solution File, Format Version 12.00
# Visual Studio Version 17
VisualStudioVersion = 17.14.36221.1 d17.14
MinimumVisualStudioVersion = 10.0.40219.1
Project("{FAE04EC0-301F-11D3-BF4B-00C04F79EFBC}") = "Banking.Tests", "Banking.Tests\Banking.Tests.csproj", "{33E9460D-5A78-4716-877E-F18D4E117328}"
EndProject
Project("{FAE04EC0-301F-11D3-BF4B-00C04F79EFBC}") = "Banking.Domain", "Banking.Domain\Banking.Domain.csproj", "{A3498CFA-56A8-4A40-9F6F-AEC0610810CB}"
EndProject
Global
	GlobalSection(SolutionConfigurationPlatforms) = preSolution
		Debug|Any CPU = Debug|Any CPU
		Release|Any CPU = Release|Any CPU
	EndGlobalSection
	GlobalSection(ProjectConfigurationPlatforms) = postSolution
		{33E9460D-5A78-4716-877E-F18D4E117328}.Debug|Any CPU.ActiveCfg = Debug|Any CPU
		{33E9460D-5A78-4716-877E-F18D4E117328}.Debug|Any CPU.Build.0 = Debug|Any CPU
		{33E9460D-5A78-4716-877E-F18D4E117328}.Release|Any CPU.ActiveCfg = Release|Any CPU
		{33E9460D-5A78-4716-877E-F18D4E117328}.Release|Any CPU.Build.0 = Release|Any CPU
		{A3498CFA-56A8-4A40-9F6F-AEC0610810CB}.Debug|Any CPU.ActiveCfg = Debug|Any CPU
		{A3498CFA-56A8-4A40-9F6F-AEC0610810CB}.Debug|Any CPU.Build.0 = Debug|Any CPU
		{A3498CFA-56A8-4A40-9F6F-AEC0610810CB}.Release|Any CPU.ActiveCfg = Release|Any CPU
		{A3498CFA-56A8-4A40-9F6F-AEC0610810CB}.Release|Any CPU.Build.0 = Release|Any CPU
	EndGlobalSection
	GlobalSection(SolutionProperties) = preSolution
		HideSolutionNode = FALSE
	EndGlobalSection
	GlobalSection(ExtensibilityGlobals) = postSolution
		SolutionGuid = {A0EC16A5-E64B-4F56-A5D1-17254199A144}
	EndGlobalSection
EndGlobal
